{
  "name": "tigre-hacks",
  "lockfileVersion": 3,
  "requires": true,
  "packages": {
    "": {
      "dependencies": {
        "create-next-app": "^13.2.4",
        "react-leaflet": "^4.2.1",
        "react-social-media-embed": "^2.3.4",
        "remix": "^1.14.3"
      }
    },
    "node_modules/@react-leaflet/core": {
      "version": "2.1.0",
      "resolved": "https://registry.npmjs.org/@react-leaflet/core/-/core-2.1.0.tgz",
      "integrity": "sha512-Qk7Pfu8BSarKGqILj4x7bCSZ1pjuAPZ+qmRwH5S7mDS91VSbVVsJSrW4qA+GPrro8t69gFYVMWb1Zc4yFmPiVg==",
      "peerDependencies": {
        "leaflet": "^1.9.0",
        "react": "^18.0.0",
        "react-dom": "^18.0.0"
      }
    },
    "node_modules/classnames": {
      "version": "2.3.2",
      "resolved": "https://registry.npmjs.org/classnames/-/classnames-2.3.2.tgz",
      "integrity": "sha512-CSbhY4cFEJRe6/GQzIk5qXZ4Jeg5pcsP7b5peFSDpffpe1cqjASH/n9UTjBwOp6XpMSTwQ8Za2K5V02ueA7Tmw=="
    },
    "node_modules/create-next-app": {
      "version": "13.2.4",
      "resolved": "https://registry.npmjs.org/create-next-app/-/create-next-app-13.2.4.tgz",
      "integrity": "sha512-x9wJUAdVA8VNCFeSipbmDdadiL8mdzryVK0688vIC4wXNksrGRO0XftUfgb56pLY43iDEhqkYlYSNKdLHRpGhg==",
      "bin": {
        "create-next-app": "dist/index.js"
      },
      "engines": {
        "node": ">=14.6.0"
      }
    },
    "node_modules/debug": {
      "version": "2.6.9",
      "resolved": "https://registry.npmjs.org/debug/-/debug-2.6.9.tgz",
      "integrity": "sha512-bC7ElrdJaJnPbAP+1EotYvqZsb3ecl5wi6Bfi6BJTUcNowp6cvspg0jXznRTKDjm/E7AdgFBVeAPVMNcKGsHMA==",
      "dependencies": {
        "ms": "2.0.0"
      }
    },
    "node_modules/fast-deep-equal": {
      "version": "3.1.3",
      "resolved": "https://registry.npmjs.org/fast-deep-equal/-/fast-deep-equal-3.1.3.tgz",
      "integrity": "sha512-f3qQ9oQy9j2AhBe/H9VC91wLmKBCCU/gDOnKNAYG5hswO7BLKj09Hc5HYNz9cGI++xlpDCIgDaitVs03ATR84Q=="
    },
    "node_modules/js-tokens": {
      "version": "4.0.0",
      "resolved": "https://registry.npmjs.org/js-tokens/-/js-tokens-4.0.0.tgz",
      "integrity": "sha512-RdJUflcE3cUzKiMqQgsCu06FPu9UdIJO0beYbPhHN4k6apgJtifcoCtT9bcxOpYBtpD2kCM6Sbzg4CausW/PKQ=="
    },
    "node_modules/leaflet": {
      "version": "1.9.3",
      "resolved": "https://registry.npmjs.org/leaflet/-/leaflet-1.9.3.tgz",
      "integrity": "sha512-iB2cR9vAkDOu5l3HAay2obcUHZ7xwUBBjph8+PGtmW/2lYhbLizWtG7nTeYht36WfOslixQF9D/uSIzhZgGMfQ==",
      "peer": true
    },
    "node_modules/load-script": {
      "version": "1.0.0",
      "resolved": "https://registry.npmjs.org/load-script/-/load-script-1.0.0.tgz",
      "integrity": "sha512-kPEjMFtZvwL9TaZo0uZ2ml+Ye9HUMmPwbYRJ324qF9tqMejwykJ5ggTyvzmrbBeapCAbk98BSbTeovHEEP1uCA=="
    },
    "node_modules/loose-envify": {
      "version": "1.4.0",
      "resolved": "https://registry.npmjs.org/loose-envify/-/loose-envify-1.4.0.tgz",
      "integrity": "sha512-lyuxPGr/Wfhrlem2CL/UcnUc1zcqKAImBDzukY7Y5F/yQiNdko6+fRLevlw1HgMySw7f611UIY408EtxRSoK3Q==",
      "dependencies": {
        "js-tokens": "^3.0.0 || ^4.0.0"
      },
      "bin": {
        "loose-envify": "cli.js"
      }
    },
    "node_modules/ms": {
      "version": "2.0.0",
      "resolved": "https://registry.npmjs.org/ms/-/ms-2.0.0.tgz",
      "integrity": "sha512-Tpp60P6IUJDTuOq/5Z8cdskzJujfwqfOTkrwIwj7IRISpnkJnT6SyJ4PCPnGMoFjC9ddhal5KVIYtAt97ix05A=="
    },
    "node_modules/object-assign": {
      "version": "4.1.1",
      "resolved": "https://registry.npmjs.org/object-assign/-/object-assign-4.1.1.tgz",
      "integrity": "sha512-rJgTQnkUnH1sFw8yT6VSU3zD3sWmu6sZhIseY8VX+GRu3P6F7Fu+JNDoXfklElbLJSnc3FUQHVe4cU5hj+BcUg==",
      "engines": {
        "node": ">=0.10.0"
      }
    },
    "node_modules/prop-types": {
      "version": "15.8.1",
      "resolved": "https://registry.npmjs.org/prop-types/-/prop-types-15.8.1.tgz",
      "integrity": "sha512-oj87CgZICdulUohogVAR7AjlC0327U4el4L6eAvOqCeudMDVU0NThNaV+b9Df4dXgSP1gXMTnPdhfe/2qDH5cg==",
      "dependencies": {
        "loose-envify": "^1.4.0",
        "object-assign": "^4.1.1",
        "react-is": "^16.13.1"
      }
    },
    "node_modules/react": {
      "version": "18.2.0",
      "resolved": "https://registry.npmjs.org/react/-/react-18.2.0.tgz",
      "integrity": "sha512-/3IjMdb2L9QbBdWiW5e3P2/npwMBaU9mHCSCUzNln0ZCYbcfTsGbTJrU/kGemdH2IWmB2ioZ+zkxtmq6g09fGQ==",
      "peer": true,
      "dependencies": {
        "loose-envify": "^1.1.0"
      },
      "engines": {
        "node": ">=0.10.0"
      }
    },
    "node_modules/react-dom": {
      "version": "18.2.0",
      "resolved": "https://registry.npmjs.org/react-dom/-/react-dom-18.2.0.tgz",
      "integrity": "sha512-6IMTriUmvsjHUjNtEDudZfuDQUoWXVxKHhlEGSk81n4YFS+r/Kl99wXiwlVXtPBtJenozv2P+hxDsw9eA7Xo6g==",
      "peer": true,
      "dependencies": {
        "loose-envify": "^1.1.0",
        "scheduler": "^0.23.0"
      },
      "peerDependencies": {
        "react": "^18.2.0"
      }
    },
    "node_modules/react-is": {
      "version": "16.13.1",
      "resolved": "https://registry.npmjs.org/react-is/-/react-is-16.13.1.tgz",
      "integrity": "sha512-24e6ynE2H+OKt4kqsOvNd8kBpV65zoxbA4BVsEOB3ARVWQki/DHzaUoC5KuON/BiccDaCCTZBuOcfZs70kR8bQ=="
    },
    "node_modules/react-leaflet": {
      "version": "4.2.1",
      "resolved": "https://registry.npmjs.org/react-leaflet/-/react-leaflet-4.2.1.tgz",
      "integrity": "sha512-p9chkvhcKrWn/H/1FFeVSqLdReGwn2qmiobOQGO3BifX+/vV/39qhY8dGqbdcPh1e6jxh/QHriLXr7a4eLFK4Q==",
      "dependencies": {
        "@react-leaflet/core": "^2.1.0"
      },
      "peerDependencies": {
        "leaflet": "^1.9.0",
        "react": "^18.0.0",
        "react-dom": "^18.0.0"
      }
    },
    "node_modules/react-social-media-embed": {
      "version": "2.3.4",
      "resolved": "https://registry.npmjs.org/react-social-media-embed/-/react-social-media-embed-2.3.4.tgz",
      "integrity": "sha512-2GAXr5V43yRuKhWeLFwhifuPyYUBTAoP/Rw68JxDdZyILc0pgwb80xUkLYWvYBDIp+f+ee/LNWWj/ZaiNceKTA==",
      "dependencies": {
        "classnames": "^2.3.2",
        "react-sub-unsub": "^2.1.6",
        "react-twitter-embed": "^4.0.4",
        "react-youtube": "^10.1.0"
      },
      "peerDependencies": {
        "react": "^16.0.0 || ^17.0.0 || ^18.0.0 || ^19.0.0 || ^20.0.0",
        "react-dom": "^16.0.0 || ^17.0.0 || ^18.0.0 || ^19.0.0 || ^20.0.0"
      }
    },
    "node_modules/react-sub-unsub": {
      "version": "2.1.11",
      "resolved": "https://registry.npmjs.org/react-sub-unsub/-/react-sub-unsub-2.1.11.tgz",
      "integrity": "sha512-FNKy0uD5wSieRE+l5RXaS0bUu6cR8XAXLDwOJnvSDGBMHcWVb1dod8ZkXYjPKtKR74tjYCEpMWcEAWCOoWNXxQ==",
      "peerDependencies": {
        "react": "^16.0.0 || ^17.0.0 || ^18.0.0 || ^19.0.0 || ^20.0.0",
        "react-dom": "^16.0.0 || ^17.0.0 || ^18.0.0 || ^19.0.0 || ^20.0.0"
      }
    },
    "node_modules/react-twitter-embed": {
      "version": "4.0.4",
      "resolved": "https://registry.npmjs.org/react-twitter-embed/-/react-twitter-embed-4.0.4.tgz",
      "integrity": "sha512-2JIL7qF+U62zRzpsh6SZDXNI3hRNVYf5vOZ1WRcMvwKouw+xC00PuFaD0aEp2wlyGaZ+f4x2VvX+uDadFQ3HVA==",
      "dependencies": {
        "scriptjs": "^2.5.9"
      },
      "engines": {
        "node": ">=10"
      },
      "peerDependencies": {
        "react": "^16.0.0 || ^17.0.0 || ^18.0.0",
        "react-dom": "^16.0.0 || ^17.0.0 || ^18.0.0"
      }
    },
    "node_modules/react-youtube": {
      "version": "10.1.0",
      "resolved": "https://registry.npmjs.org/react-youtube/-/react-youtube-10.1.0.tgz",
      "integrity": "sha512-ZfGtcVpk0SSZtWCSTYOQKhfx5/1cfyEW1JN/mugGNfAxT3rmVJeMbGpA9+e78yG21ls5nc/5uZJETE3cm3knBg==",
      "dependencies": {
        "fast-deep-equal": "3.1.3",
        "prop-types": "15.8.1",
        "youtube-player": "5.5.2"
      },
      "engines": {
        "node": ">= 14.x"
      },
      "peerDependencies": {
        "react": ">=0.14.1"
      }
    },
    "node_modules/remix": {
      "version": "1.14.3",
      "resolved": "https://registry.npmjs.org/remix/-/remix-1.14.3.tgz",
      "integrity": "sha512-sBFl/qPnRX7pVGMhpE2PWDdQA+yus/z3IKly2y2ShT6C1WV34pyS7FI6Y99OF8JFO/6/cPCz0FzzorZQOo8myA==",
      "engines": {
        "node": ">=14"
      }
    },
    "node_modules/scheduler": {
      "version": "0.23.0",
      "resolved": "https://registry.npmjs.org/scheduler/-/scheduler-0.23.0.tgz",
      "integrity": "sha512-CtuThmgHNg7zIZWAXi3AsyIzA3n4xx7aNyjwC2VJldO2LMVDhFK+63xGqq6CsJH4rTAt6/M+N4GhZiDYPx9eUw==",
      "peer": true,
      "dependencies": {
        "loose-envify": "^1.1.0"
      }
    },
    "node_modules/scriptjs": {
      "version": "2.5.9",
      "resolved": "https://registry.npmjs.org/scriptjs/-/scriptjs-2.5.9.tgz",
      "integrity": "sha512-qGVDoreyYiP1pkQnbnFAUIS5AjenNwwQBdl7zeos9etl+hYKWahjRTfzAZZYBv5xNHx7vNKCmaLDQZ6Fr2AEXg=="
    },
    "node_modules/sister": {
      "version": "3.0.2",
      "resolved": "https://registry.npmjs.org/sister/-/sister-3.0.2.tgz",
      "integrity": "sha512-p19rtTs+NksBRKW9qn0UhZ8/TUI9BPw9lmtHny+Y3TinWlOa9jWh9xB0AtPSdmOy49NJJJSSe0Ey4C7h0TrcYA=="
    },
    "node_modules/youtube-player": {
      "version": "5.5.2",
      "resolved": "https://registry.npmjs.org/youtube-player/-/youtube-player-5.5.2.tgz",
      "integrity": "sha512-ZGtsemSpXnDky2AUYWgxjaopgB+shFHgXVpiJFeNB5nWEugpW1KWYDaHKuLqh2b67r24GtP6HoSW5swvf0fFIQ==",
      "dependencies": {
        "debug": "^2.6.6",
        "load-script": "^1.0.0",
        "sister": "^3.0.0"
      }
    }
  }
}
